{
  "nodes": {
    "flake-compat-proxy": {
      "locked": {
        "lastModified": 1767039857,
        "narHash": "sha256-vNpUSpF5Nuw8xvDLj2KCwwksIbjua2LZCqhV1LNRDns=",
        "ref": "master",
        "rev": "5edf11c44bc78a0d334f6334cdaf7d60d732daab",
        "shallow": true,
        "type": "git",
        "url": "https://gh-proxy.com/https://github.com/edolstra/flake-compat.git"
      },
      "original": {
        "ref": "master",
        "shallow": true,
        "type": "git",
        "url": "https://gh-proxy.com/https://github.com/edolstra/flake-compat.git"
      }
    },
    "flake-utils-proxy": {
      "inputs": {
        "systems": "systems"
      },
      "locked": {
        "lastModified": 1731533236,
        "narHash": "sha256-l0KFg5HjrsfsO/JpG+r7fRrqm12kzFHyUHqHCVpMMbI=",
        "ref": "main",
        "rev": "11707dc2f618dd54ca8739b309ec4fc024de578b",
        "shallow": true,
        "type": "git",
        "url": "https://gh-proxy.com/https://github.com/numtide/flake-utils.git"
      },
      "original": {
        "ref": "main",
        "shallow": true,
        "type": "git",
        "url": "https://gh-proxy.com/https://github.com/numtide/flake-utils.git"
      }
    },
    "home-manager-proxy": {
      "inputs": {
        "nixpkgs": [
          "nixpkgs-proxy"
        ]
      },
      "locked": {
        "lastModified": 1783479733,
        "narHash": "sha256-d/JatqgG+Pmo+IuCTZfnrEAPWU3fdha48GQeXuFO+bE=",
        "ref": "master",
        "rev": "cee3f0e7fec85d80c149c7afc29926747f7bd3c2",
        "shallow": true,
        "type": "git",
        "url": "https://gh-proxy.com/https://github.com/nix-community/home-manager.git"
      },
      "original": {
        "ref": "master",
        "shallow": true,
        "type": "git",
        "url": "https://gh-proxy.com/https://github.com/nix-community/home-manager.git"
      }
    },
    "nix-filter-proxy": {
      "locked": {
        "lastModified": 1757882181,
        "narHash": "sha256-+cCxYIh2UNalTz364p+QYmWHs0P+6wDhiWR4jDIKQIU=",
        "ref": "main",
        "rev": "59c44d1909c72441144b93cf0f054be7fe764de5",
        "shallow": true,
        "type": "git",
        "url": "https://gh-proxy.com/https://github.com/numtide/nix-filter.git"
      },
      "original": {
        "ref": "main",
        "shallow": true,
        "type": "git",
        "url": "https://gh-proxy.com/https://github.com/numtide/nix-filter.git"
      }
    },
    "nix-flatpak-proxy": {
      "locked": {
        "lastModified": 1783368811,
        "narHash": "sha256-0H8jDwR4Kegb3heaTrH1ftbgKfZVDT8JE+46uXxDy/Q=",
        "ref": "main",
        "rev": "20d42f0ee98c9fe9f85e8d1de474f1409ed10d05",
        "shallow": true,
        "type": "git",
        "url": "https://gh-proxy.com/https://github.com/gmodena/nix-flatpak.git"
      },
      "original": {
        "ref": "main",
        "shallow": true,
        "type": "git",
        "url": "https://gh-proxy.com/https://github.com/gmodena/nix-flatpak.git"
      }
    },
    "nixpkgs-proxy": {
      "locked": {
        "lastModified": 1783224372,
        "narHash": "sha256-8i/87eeoqiGE4yOTjwSA3Eh/ziJRQEmd/unYU+K27sk=",
        "ref": "nixos-unstable",
        "rev": "d407951447dcd00442e97087bf374aad70c04cea",
        "shallow": true,
        "type": "git",
        "url": "https://gh-proxy.com/https://github.com/NixOS/nixpkgs.git"
      },
      "original": {
        "ref": "nixos-unstable",
        "shallow": true,
        "type": "git",
        "url": "https://gh-proxy.com/https://github.com/NixOS/nixpkgs.git"
      }
    },
    "root": {
      "inputs": {
        "flake-compat-proxy": "flake-compat-proxy",
        "flake-utils-proxy": "flake-utils-proxy",
        "home-manager-proxy": "home-manager-proxy",
        "nix-filter-proxy": "nix-filter-proxy",
        "nix-flatpak-proxy": "nix-flatpak-proxy",
        "nixpkgs-proxy": "nixpkgs-proxy",
        "winapps-proxy": "winapps-proxy"
      }
    },
    "systems": {
      "locked": {
        "lastModified": 1681028828,
        "narHash": "sha256-Vy1rq5AaRuLzOxct8nz4T6wlgyUR7zLU309k9mBC768=",
        "owner": "nix-systems",
        "repo": "default",
        "rev": "da67096a3b9bf56a91d16901293e51ba5b49a27e",
        "type": "github"
      },
      "original": {
        "owner": "nix-systems",
        "repo": "default",
        "type": "github"
      }
    },
    "winapps-proxy": {
      "inputs": {
        "flake-compat": [
          "flake-compat-proxy"
        ],
        "flake-utils": [
          "flake-utils-proxy"
        ],
        "nix-filter": [
          "nix-filter-proxy"
        ],
        "nixpkgs": [
          "nixpkgs-proxy"
        ]
      },
      "locked": {
        "lastModified": 1783436030,
        "narHash": "sha256-5tquIT138rtPrN4E+LIAjd1wuhXe7pWO9ta34PCmv+E=",
        "ref": "main",
        "rev": "5cbf7381f9a12af630e5a289d6dab5f7adc70e5d",
        "shallow": true,
        "type": "git",
        "url": "https://gh-proxy.com/https://github.com/winapps-org/winapps.git"
      },
      "original": {
        "ref": "main",
        "shallow": true,
        "type": "git",
        "url": "https://gh-proxy.com/https://github.com/winapps-org/winapps.git"
      }
    }
  },
  "root": "root",
  "version": 7
}
