{
  "nodes": {
    "home-manager-proxy": {
      "inputs": {
        "nixpkgs": [
          "nixpkgs-proxy"
        ]
      },
      "locked": {
        "lastModified": 1783479733,
        "narHash": "sha256-d/JatqgG+Pmo+IuCTZfnrEAPWU3fdha48GQeXuFO+bE=",
        "ref": "master",
        "rev": "cee3f0e7fec85d80c149c7afc29926747f7bd3c2",
        "shallow": true,
        "type": "git",
        "url": "https://gh-proxy.com/https://github.com/nix-community/home-manager.git"
      },
      "original": {
        "ref": "master",
        "shallow": true,
        "type": "git",
        "url": "https://gh-proxy.com/https://github.com/nix-community/home-manager.git"
      }
    },
    "nix-flatpak-proxy": {
      "locked": {
        "lastModified": 1783368811,
        "narHash": "sha256-0H8jDwR4Kegb3heaTrH1ftbgKfZVDT8JE+46uXxDy/Q=",
        "ref": "main",
        "rev": "20d42f0ee98c9fe9f85e8d1de474f1409ed10d05",
        "shallow": true,
        "type": "git",
        "url": "https://gh-proxy.com/https://github.com/gmodena/nix-flatpak.git"
      },
      "original": {
        "ref": "main",
        "shallow": true,
        "type": "git",
        "url": "https://gh-proxy.com/https://github.com/gmodena/nix-flatpak.git"
      }
    },
    "nixpkgs-proxy": {
      "locked": {
        "lastModified": 1783224372,
        "narHash": "sha256-8i/87eeoqiGE4yOTjwSA3Eh/ziJRQEmd/unYU+K27sk=",
        "ref": "nixos-unstable",
        "rev": "d407951447dcd00442e97087bf374aad70c04cea",
        "shallow": true,
        "type": "git",
        "url": "https://gh-proxy.com/https://github.com/NixOS/nixpkgs.git"
      },
      "original": {
        "ref": "nixos-unstable",
        "shallow": true,
        "type": "git",
        "url": "https://gh-proxy.com/https://github.com/NixOS/nixpkgs.git"
      }
    },
    "root": {
      "inputs": {
        "home-manager-proxy": "home-manager-proxy",
        "nix-flatpak-proxy": "nix-flatpak-proxy",
        "nixpkgs-proxy": "nixpkgs-proxy"
      }
    }
  },
  "root": "root",
  "version": 7
}
